{
  "requires": true,
  "lockfileVersion": 1,
  "dependencies": {
    "tachyons-display": {
      "version": "5.0.5",
      "resolved": "https://registry.npmjs.org/tachyons-display/-/tachyons-display-5.0.5.tgz",
      "integrity": "sha512-yC9kkisV2ot2Lmjkx14B1SuiXZNM0jFG6U4xkV/PIeipneHSO2dW4vktwYx4bVAZok07k/pvUZgWZyUvmWPblQ=="
    },
    "tachyons-font-weight": {
      "version": "5.0.5",
      "resolved": "https://registry.npmjs.org/tachyons-font-weight/-/tachyons-font-weight-5.0.5.tgz",
      "integrity": "sha512-aIDxZcqAzhofg9vtP3naVjdvRrl6spVT/mFO0NQz03vzffv3wXYiBu5sZyWZxIxuLrybNJUTE4iuIeEyzrVrwQ=="
    },
    "tachyons-heights": {
      "version": "6.1.4",
      "resolved": "https://registry.npmjs.org/tachyons-heights/-/tachyons-heights-6.1.4.tgz",
      "integrity": "sha512-MSzpUT4HWZ7dzEYkeInnAoycl0JBGcCaR5SX3QcMbmx/7+xBfFo7kakGrxLwBswVsTWBLXdmLSwDCWrCpw53pw=="
    },
    "tachyons-skins": {
      "version": "4.1.1",
      "resolved": "https://registry.npmjs.org/tachyons-skins/-/tachyons-skins-4.1.1.tgz",
      "integrity": "sha512-eo8qqF1zprSdNzmlQZtK9oHJcpmitcCm2+RD0CJJBUT2f4qlk7sbXqOT1+Nqb8WVS+4h/FTiRI6f7zcKxQkKwA=="
    },
    "tachyons-spacing": {
      "version": "6.0.5",
      "resolved": "https://registry.npmjs.org/tachyons-spacing/-/tachyons-spacing-6.0.5.tgz",
      "integrity": "sha512-910+iaZiWrNYO8r8rbiDhG2smH/ZNMNaBX03DGVft4iToaBuC8BlDGIr4um9rK9gD+DcK361Co9X8CWWoJWBxw=="
    },
    "tachyons-text-align": {
      "version": "3.1.0",
      "resolved": "https://registry.npmjs.org/tachyons-text-align/-/tachyons-text-align-3.1.0.tgz",
      "integrity": "sha512-WROqSIsUMPKZM6oeiAmcndvQjUWO+tqMiHLe9KNAci65QVgfMn7tlJXVcwqjCF8wEWs07CKIjxIL2y1uCgnhqg=="
    },
    "tachyons-type-scale": {
      "version": "6.1.1",
      "resolved": "https://registry.npmjs.org/tachyons-type-scale/-/tachyons-type-scale-6.1.1.tgz",
      "integrity": "sha512-tPjY267xJKJjcWNURcxMoefapHg/eUTkHlwkLoYgJPSRMYf5+w/1mX0kGRALfoAJGRPNkjRT2cy7lxy90LIQYA=="
    },
    "tachyons-vertical-align": {
      "version": "4.0.6",
      "resolved": "https://registry.npmjs.org/tachyons-vertical-align/-/tachyons-vertical-align-4.0.6.tgz",
      "integrity": "sha512-sKQexXB6NWb3KxDOPavTNfe8jgaOvaYT6TLgbp85GCQJcGIzca0P3mDZTPxcQBCHwtKpJB0aVaVMdPs+QaCKCQ=="
    },
    "tachyons-widths": {
      "version": "5.2.1",
      "resolved": "https://registry.npmjs.org/tachyons-widths/-/tachyons-widths-5.2.1.tgz",
      "integrity": "sha512-LrqK5D8pH1K5JPrv1ld2o+oybDzvhq4dIEW43u3RpyPYg2PizUnxdKWm+QREsOWDDGgwwOMi094P6y5yoBSDNw=="
    }
  }
}
